
Microsoft Visual Studio Solution File, Format Version 12.00
# Visual Studio Version 16
VisualStudioVersion = 16.0.31019.35
MinimumVisualStudioVersion = 10.0.40219.1
Project("{FAE04EC0-301F-11D3-BF4B-00C04F79EFBC}") = "DYNAMIC_ARRAY", "DYNAMIC_ARRAY\DYNAMIC_ARRAY.csproj", "{F31DBBCD-9A89-46A6-8653-A8E00A7F40D2}"
EndProject
Global
	GlobalSection(SolutionConfigurationPlatforms) = preSolution
		Debug|Any CPU = Debug|Any CPU
		Release|Any CPU = Release|Any CPU
	EndGlobalSection
	GlobalSection(ProjectConfigurationPlatforms) = postSolution
		{F31DBBCD-9A89-46A6-8653-A8E00A7F40D2}.Debug|Any CPU.ActiveCfg = Debug|Any CPU
		{F31DBBCD-9A89-46A6-8653-A8E00A7F40D2}.Debug|Any CPU.Build.0 = Debug|Any CPU
		{F31DBBCD-9A89-46A6-8653-A8E00A7F40D2}.Release|Any CPU.ActiveCfg = Release|Any CPU
		{F31DBBCD-9A89-46A6-8653-A8E00A7F40D2}.Release|Any CPU.Build.0 = Release|Any CPU
	EndGlobalSection
	GlobalSection(SolutionProperties) = preSolution
		HideSolutionNode = FALSE
	EndGlobalSection
	GlobalSection(ExtensibilityGlobals) = postSolution
		SolutionGuid = {E44F8130-C84A-421C-B6E7-DB93F8F29242}
	EndGlobalSection
EndGlobal
