
Microsoft Visual Studio Solution File, Format Version 12.00
# Visual Studio Version 16
VisualStudioVersion = 16.0.31019.35
MinimumVisualStudioVersion = 10.0.40219.1
Project("{FAE04EC0-301F-11D3-BF4B-00C04F79EFBC}") = "SUPER_STRING", "SUPER_STRING\SUPER_STRING.csproj", "{1C4C3E6C-F888-4258-B63E-B008434D2FEB}"
EndProject
Global
	GlobalSection(SolutionConfigurationPlatforms) = preSolution
		Debug|Any CPU = Debug|Any CPU
		Release|Any CPU = Release|Any CPU
	EndGlobalSection
	GlobalSection(ProjectConfigurationPlatforms) = postSolution
		{1C4C3E6C-F888-4258-B63E-B008434D2FEB}.Debug|Any CPU.ActiveCfg = Debug|Any CPU
		{1C4C3E6C-F888-4258-B63E-B008434D2FEB}.Debug|Any CPU.Build.0 = Debug|Any CPU
		{1C4C3E6C-F888-4258-B63E-B008434D2FEB}.Release|Any CPU.ActiveCfg = Release|Any CPU
		{1C4C3E6C-F888-4258-B63E-B008434D2FEB}.Release|Any CPU.Build.0 = Release|Any CPU
	EndGlobalSection
	GlobalSection(SolutionProperties) = preSolution
		HideSolutionNode = FALSE
	EndGlobalSection
	GlobalSection(ExtensibilityGlobals) = postSolution
		SolutionGuid = {0954BFD7-2410-4183-860D-F77002D9C1AE}
	EndGlobalSection
EndGlobal
