
Microsoft Visual Studio Solution File, Format Version 12.00
# Visual Studio Version 16
VisualStudioVersion = 16.0.31313.79
MinimumVisualStudioVersion = 10.0.40219.1
Project("{2150E333-8FDC-42A3-9474-1A3956D46DE8}") = "BLL", "BLL", "{5588B912-2FB6-4453-95E6-D3E878432DCE}"
EndProject
Project("{2150E333-8FDC-42A3-9474-1A3956D46DE8}") = "DAL", "DAL", "{CF1CF460-4872-4EEF-A870-EE1F0A268603}"
EndProject
Project("{2150E333-8FDC-42A3-9474-1A3956D46DE8}") = "PL", "PL", "{2E50E0B1-1DB7-486E-B0A3-6F6307C388E9}"
EndProject
Project("{2150E333-8FDC-42A3-9474-1A3956D46DE8}") = "Common", "Common", "{CD0B1A26-7D09-45DC-AFC9-45CC96693F1E}"
EndProject
Project("{FAE04EC0-301F-11D3-BF4B-00C04F79EFBC}") = "GMD.THREE-LAYER.Entities", "GMD.THREE-LAYER.Entities\GMD.THREE-LAYER.Entities.csproj", "{4D8A58BE-E75C-4D38-B4BC-39C4B7D58696}"
EndProject
Project("{FAE04EC0-301F-11D3-BF4B-00C04F79EFBC}") = "GMD.THREE-LAYER.Dependecies", "GMD.THREE-LAYER.Dependecies\GMD.THREE-LAYER.Dependecies.csproj", "{FD3F0000-ABD3-45D0-AFA5-8676DCBCF4D2}"
EndProject
Project("{FAE04EC0-301F-11D3-BF4B-00C04F79EFBC}") = "GMD.THREE-LAYER.BLL.Interfaces", "GMD.THREE-LAYER.BLL.Interfaces\GMD.THREE-LAYER.BLL.Interfaces.csproj", "{E5B55379-22C3-4185-A5A9-65347101D3E3}"
EndProject
Project("{FAE04EC0-301F-11D3-BF4B-00C04F79EFBC}") = "GMD.THREE-LAYER.StandartBLL", "GMD.THREE-LAYER.StandartBLL\GMD.THREE-LAYER.StandartBLL.csproj", "{E55A3090-A587-422D-B771-643208B8B0A2}"
EndProject
Project("{FAE04EC0-301F-11D3-BF4B-00C04F79EFBC}") = "GMD.THREE-LAYER.DAL.Interfaces", "GMD.THREE-LAYER.DAL.Interfaces\GMD.THREE-LAYER.DAL.Interfaces.csproj", "{74C89383-624C-40DD-98A7-F3856BD93F52}"
EndProject
Project("{FAE04EC0-301F-11D3-BF4B-00C04F79EFBC}") = "GMD.THREE-LAYER.JsonDAL", "GMD.THREE-LAYER.JsonDAL\GMD.THREE-LAYER.JsonDAL.csproj", "{A66DDE32-D39F-41F4-8CF5-3BDA99B793B6}"
EndProject
Project("{FAE04EC0-301F-11D3-BF4B-00C04F79EFBC}") = "GMD.THREE-LAYER.ASPPL", "GMD.THREE-LAYER.ASPPL\GMD.THREE-LAYER.ASPPL.csproj", "{C9378F31-C227-4D5F-8111-8273EF426C65}"
EndProject
Project("{FAE04EC0-301F-11D3-BF4B-00C04F79EFBC}") = "GMD.THREE-LAYER.ConsolePL", "GMD.THREE-LAYER.ConsolePL\GMD.THREE-LAYER.ConsolePL.csproj", "{30C507E2-3699-4BB8-B29E-21F5BD6797CD}"
EndProject
Global
	GlobalSection(SolutionConfigurationPlatforms) = preSolution
		Debug|Any CPU = Debug|Any CPU
		Release|Any CPU = Release|Any CPU
	EndGlobalSection
	GlobalSection(ProjectConfigurationPlatforms) = postSolution
		{4D8A58BE-E75C-4D38-B4BC-39C4B7D58696}.Debug|Any CPU.ActiveCfg = Debug|Any CPU
		{4D8A58BE-E75C-4D38-B4BC-39C4B7D58696}.Debug|Any CPU.Build.0 = Debug|Any CPU
		{4D8A58BE-E75C-4D38-B4BC-39C4B7D58696}.Release|Any CPU.ActiveCfg = Release|Any CPU
		{4D8A58BE-E75C-4D38-B4BC-39C4B7D58696}.Release|Any CPU.Build.0 = Release|Any CPU
		{FD3F0000-ABD3-45D0-AFA5-8676DCBCF4D2}.Debug|Any CPU.ActiveCfg = Debug|Any CPU
		{FD3F0000-ABD3-45D0-AFA5-8676DCBCF4D2}.Debug|Any CPU.Build.0 = Debug|Any CPU
		{FD3F0000-ABD3-45D0-AFA5-8676DCBCF4D2}.Release|Any CPU.ActiveCfg = Release|Any CPU
		{FD3F0000-ABD3-45D0-AFA5-8676DCBCF4D2}.Release|Any CPU.Build.0 = Release|Any CPU
		{E5B55379-22C3-4185-A5A9-65347101D3E3}.Debug|Any CPU.ActiveCfg = Debug|Any CPU
		{E5B55379-22C3-4185-A5A9-65347101D3E3}.Debug|Any CPU.Build.0 = Debug|Any CPU
		{E5B55379-22C3-4185-A5A9-65347101D3E3}.Release|Any CPU.ActiveCfg = Release|Any CPU
		{E5B55379-22C3-4185-A5A9-65347101D3E3}.Release|Any CPU.Build.0 = Release|Any CPU
		{E55A3090-A587-422D-B771-643208B8B0A2}.Debug|Any CPU.ActiveCfg = Debug|Any CPU
		{E55A3090-A587-422D-B771-643208B8B0A2}.Debug|Any CPU.Build.0 = Debug|Any CPU
		{E55A3090-A587-422D-B771-643208B8B0A2}.Release|Any CPU.ActiveCfg = Release|Any CPU
		{E55A3090-A587-422D-B771-643208B8B0A2}.Release|Any CPU.Build.0 = Release|Any CPU
		{74C89383-624C-40DD-98A7-F3856BD93F52}.Debug|Any CPU.ActiveCfg = Debug|Any CPU
		{74C89383-624C-40DD-98A7-F3856BD93F52}.Debug|Any CPU.Build.0 = Debug|Any CPU
		{74C89383-624C-40DD-98A7-F3856BD93F52}.Release|Any CPU.ActiveCfg = Release|Any CPU
		{74C89383-624C-40DD-98A7-F3856BD93F52}.Release|Any CPU.Build.0 = Release|Any CPU
		{A66DDE32-D39F-41F4-8CF5-3BDA99B793B6}.Debug|Any CPU.ActiveCfg = Debug|Any CPU
		{A66DDE32-D39F-41F4-8CF5-3BDA99B793B6}.Debug|Any CPU.Build.0 = Debug|Any CPU
		{A66DDE32-D39F-41F4-8CF5-3BDA99B793B6}.Release|Any CPU.ActiveCfg = Release|Any CPU
		{A66DDE32-D39F-41F4-8CF5-3BDA99B793B6}.Release|Any CPU.Build.0 = Release|Any CPU
		{C9378F31-C227-4D5F-8111-8273EF426C65}.Debug|Any CPU.ActiveCfg = Debug|Any CPU
		{C9378F31-C227-4D5F-8111-8273EF426C65}.Debug|Any CPU.Build.0 = Debug|Any CPU
		{C9378F31-C227-4D5F-8111-8273EF426C65}.Release|Any CPU.ActiveCfg = Release|Any CPU
		{C9378F31-C227-4D5F-8111-8273EF426C65}.Release|Any CPU.Build.0 = Release|Any CPU
		{30C507E2-3699-4BB8-B29E-21F5BD6797CD}.Debug|Any CPU.ActiveCfg = Debug|Any CPU
		{30C507E2-3699-4BB8-B29E-21F5BD6797CD}.Debug|Any CPU.Build.0 = Debug|Any CPU
		{30C507E2-3699-4BB8-B29E-21F5BD6797CD}.Release|Any CPU.ActiveCfg = Release|Any CPU
		{30C507E2-3699-4BB8-B29E-21F5BD6797CD}.Release|Any CPU.Build.0 = Release|Any CPU
	EndGlobalSection
	GlobalSection(SolutionProperties) = preSolution
		HideSolutionNode = FALSE
	EndGlobalSection
	GlobalSection(NestedProjects) = preSolution
		{4D8A58BE-E75C-4D38-B4BC-39C4B7D58696} = {CD0B1A26-7D09-45DC-AFC9-45CC96693F1E}
		{FD3F0000-ABD3-45D0-AFA5-8676DCBCF4D2} = {CD0B1A26-7D09-45DC-AFC9-45CC96693F1E}
		{E5B55379-22C3-4185-A5A9-65347101D3E3} = {5588B912-2FB6-4453-95E6-D3E878432DCE}
		{E55A3090-A587-422D-B771-643208B8B0A2} = {5588B912-2FB6-4453-95E6-D3E878432DCE}
		{74C89383-624C-40DD-98A7-F3856BD93F52} = {CF1CF460-4872-4EEF-A870-EE1F0A268603}
		{A66DDE32-D39F-41F4-8CF5-3BDA99B793B6} = {CF1CF460-4872-4EEF-A870-EE1F0A268603}
		{C9378F31-C227-4D5F-8111-8273EF426C65} = {2E50E0B1-1DB7-486E-B0A3-6F6307C388E9}
		{30C507E2-3699-4BB8-B29E-21F5BD6797CD} = {2E50E0B1-1DB7-486E-B0A3-6F6307C388E9}
	EndGlobalSection
	GlobalSection(ExtensibilityGlobals) = postSolution
		SolutionGuid = {774CFCC3-9220-4D7C-8F53-DA56E96233BC}
	EndGlobalSection
EndGlobal
