
Microsoft Visual Studio Solution File, Format Version 12.00
# Visual Studio Version 16
VisualStudioVersion = 16.0.31019.35
MinimumVisualStudioVersion = 10.0.40219.1
Project("{FAE04EC0-301F-11D3-BF4B-00C04F79EFBC}") = "WEAKEST_LINK", "WEAKEST_LINK\WEAKEST_LINK.csproj", "{D0736719-C12F-4AD1-9A5B-4A6B3CB7CDED}"
EndProject
Global
	GlobalSection(SolutionConfigurationPlatforms) = preSolution
		Debug|Any CPU = Debug|Any CPU
		Release|Any CPU = Release|Any CPU
	EndGlobalSection
	GlobalSection(ProjectConfigurationPlatforms) = postSolution
		{D0736719-C12F-4AD1-9A5B-4A6B3CB7CDED}.Debug|Any CPU.ActiveCfg = Debug|Any CPU
		{D0736719-C12F-4AD1-9A5B-4A6B3CB7CDED}.Debug|Any CPU.Build.0 = Debug|Any CPU
		{D0736719-C12F-4AD1-9A5B-4A6B3CB7CDED}.Release|Any CPU.ActiveCfg = Release|Any CPU
		{D0736719-C12F-4AD1-9A5B-4A6B3CB7CDED}.Release|Any CPU.Build.0 = Release|Any CPU
	EndGlobalSection
	GlobalSection(SolutionProperties) = preSolution
		HideSolutionNode = FALSE
	EndGlobalSection
	GlobalSection(ExtensibilityGlobals) = postSolution
		SolutionGuid = {AA5B2272-218D-4B80-B4EA-1AACCF689CFE}
	EndGlobalSection
EndGlobal
