
Microsoft Visual Studio Solution File, Format Version 12.00
# Visual Studio Version 16
VisualStudioVersion = 16.0.31019.35
MinimumVisualStudioVersion = 10.0.40219.1
Project("{FAE04EC0-301F-11D3-BF4B-00C04F79EFBC}") = "CUSTOM_PAINt", "CUSTOM_PAINt\CUSTOM_PAINt.csproj", "{12C748EA-4AE6-4CF0-A0F5-CD1F07C7EE81}"
EndProject
Global
	GlobalSection(SolutionConfigurationPlatforms) = preSolution
		Debug|Any CPU = Debug|Any CPU
		Release|Any CPU = Release|Any CPU
	EndGlobalSection
	GlobalSection(ProjectConfigurationPlatforms) = postSolution
		{12C748EA-4AE6-4CF0-A0F5-CD1F07C7EE81}.Debug|Any CPU.ActiveCfg = Debug|Any CPU
		{12C748EA-4AE6-4CF0-A0F5-CD1F07C7EE81}.Debug|Any CPU.Build.0 = Debug|Any CPU
		{12C748EA-4AE6-4CF0-A0F5-CD1F07C7EE81}.Release|Any CPU.ActiveCfg = Release|Any CPU
		{12C748EA-4AE6-4CF0-A0F5-CD1F07C7EE81}.Release|Any CPU.Build.0 = Release|Any CPU
	EndGlobalSection
	GlobalSection(SolutionProperties) = preSolution
		HideSolutionNode = FALSE
	EndGlobalSection
	GlobalSection(ExtensibilityGlobals) = postSolution
		SolutionGuid = {35319802-6BDB-40F1-BE93-C3551E24D4F2}
	EndGlobalSection
EndGlobal
